// !$*UTF8*$!
{
	archiveVersion = 1;
	classes = {
	};
	objectVersion = 46;
	objects = {

/* Begin PBXBuildFile section */
		780D3F8F1E2AD3A300398BF5 /* AppDelegate.swift in Sources */ = {isa = PBXBuildFile; fileRef = 780D3F8E1E2AD3A300398BF5 /* AppDelegate.swift */; };
		780D3F911E2AD3A300398BF5 /* Assets.xcassets in Resources */ = {isa = PBXBuildFile; fileRef = 780D3F901E2AD3A300398BF5 /* Assets.xcassets */; };
		780D3F941E2AD3A300398BF5 /* MainMenu.xib in Resources */ = {isa = PBXBuildFile; fileRef = 780D3F921E2AD3A300398BF5 /* MainMenu.xib */; };
		780D3FB01E2AD3C800398BF5 /* Cocoa.framework in Frameworks */ = {isa = PBXBuildFile; fileRef = 780D3FAF1E2AD3C800398BF5 /* Cocoa.framework */; };
		780D3FB51E2AD3C800398BF5 /* SourceEditorExtension.swift in Sources */ = {isa = PBXBuildFile; fileRef = 780D3FB41E2AD3C800398BF5 /* SourceEditorExtension.swift */; };
		780D3FB71E2AD3C800398BF5 /* ColorLiteralsCommand.swift in Sources */ = {isa = PBXBuildFile; fileRef = 780D3FB61E2AD3C800398BF5 /* ColorLiteralsCommand.swift */; };
		780D3FBB1E2AD3C900398BF5 /* Convert Literals.appex in Embed App Extensions */ = {isa = PBXBuildFile; fileRef = 780D3FAD1E2AD3C800398BF5 /* Convert Literals.appex */; settings = {ATTRIBUTES = (RemoveHeadersOnCopy, ); }; };
		780D3FC11E2AD40F00398BF5 /* TextConverter.swift in Sources */ = {isa = PBXBuildFile; fileRef = 780D3FC01E2AD40F00398BF5 /* TextConverter.swift */; };
		780D3FC31E2AD51A00398BF5 /* ColorLiteralsConverter.swift in Sources */ = {isa = PBXBuildFile; fileRef = 780D3FC21E2AD51A00398BF5 /* ColorLiteralsConverter.swift */; };
		780D3FC51E2AD68600398BF5 /* ColorLiteralsConverterTests.swift in Sources */ = {isa = PBXBuildFile; fileRef = 780D3FC41E2AD68600398BF5 /* ColorLiteralsConverterTests.swift */; };
		780D3FC61E2AD68D00398BF5 /* ColorLiteralsConverter.swift in Sources */ = {isa = PBXBuildFile; fileRef = 780D3FC21E2AD51A00398BF5 /* ColorLiteralsConverter.swift */; };
		780D3FC71E2AD68D00398BF5 /* TextConverter.swift in Sources */ = {isa = PBXBuildFile; fileRef = 780D3FC01E2AD40F00398BF5 /* TextConverter.swift */; };
/* End PBXBuildFile section */

/* Begin PBXContainerItemProxy section */
		780D3F9B1E2AD3A400398BF5 /* PBXContainerItemProxy */ = {
			isa = PBXContainerItemProxy;
			containerPortal = 780D3F831E2AD3A300398BF5 /* Project object */;
			proxyType = 1;
			remoteGlobalIDString = 780D3F8A1E2AD3A300398BF5;
			remoteInfo = Literals;
		};
		780D3FB91E2AD3C800398BF5 /* PBXContainerItemProxy */ = {
			isa = PBXContainerItemProxy;
			containerPortal = 780D3F831E2AD3A300398BF5 /* Project object */;
			proxyType = 1;
			remoteGlobalIDString = 780D3FAC1E2AD3C800398BF5;
			remoteInfo = LiteralsExtension;
		};
/* End PBXContainerItemProxy section */

/* Begin PBXCopyFilesBuildPhase section */
		780D3FBF1E2AD3C900398BF5 /* Embed App Extensions */ = {
			isa = PBXCopyFilesBuildPhase;
			buildActionMask = 2147483647;
			dstPath = "";
			dstSubfolderSpec = 13;
			files = (
				780D3FBB1E2AD3C900398BF5 /* Convert Literals.appex in Embed App Extensions */,
			);
			name = "Embed App Extensions";
			runOnlyForDeploymentPostprocessing = 0;
		};
/* End PBXCopyFilesBuildPhase section */

/* Begin PBXFileReference section */
		780D3F8B1E2AD3A300398BF5 /* Literals.app */ = {isa = PBXFileReference; explicitFileType = wrapper.application; includeInIndex = 0; path = Literals.app; sourceTree = BUILT_PRODUCTS_DIR; };
		780D3F8E1E2AD3A300398BF5 /* AppDelegate.swift */ = {isa = PBXFileReference; lastKnownFileType = sourcecode.swift; path = AppDelegate.swift; sourceTree = "<group>"; };
		780D3F901E2AD3A300398BF5 /* Assets.xcassets */ = {isa = PBXFileReference; lastKnownFileType = folder.assetcatalog; path = Assets.xcassets; sourceTree = "<group>"; };
		780D3F931E2AD3A300398BF5 /* Base */ = {isa = PBXFileReference; lastKnownFileType = file.xib; name = Base; path = Base.lproj/MainMenu.xib; sourceTree = "<group>"; };
		780D3F951E2AD3A300398BF5 /* Info.plist */ = {isa = PBXFileReference; lastKnownFileType = text.plist.xml; path = Info.plist; sourceTree = "<group>"; };
		780D3F9A1E2AD3A400398BF5 /* LiteralsTests.xctest */ = {isa = PBXFileReference; explicitFileType = wrapper.cfbundle; includeInIndex = 0; path = LiteralsTests.xctest; sourceTree = BUILT_PRODUCTS_DIR; };
		780D3FA01E2AD3A400398BF5 /* Info.plist */ = {isa = PBXFileReference; lastKnownFileType = text.plist.xml; path = Info.plist; sourceTree = "<group>"; };
		780D3FAD1E2AD3C800398BF5 /* Convert Literals.appex */ = {isa = PBXFileReference; explicitFileType = "wrapper.app-extension"; includeInIndex = 0; path = "Convert Literals.appex"; sourceTree = BUILT_PRODUCTS_DIR; };
		780D3FAF1E2AD3C800398BF5 /* Cocoa.framework */ = {isa = PBXFileReference; lastKnownFileType = wrapper.framework; name = Cocoa.framework; path = System/Library/Frameworks/Cocoa.framework; sourceTree = SDKROOT; };
		780D3FB31E2AD3C800398BF5 /* LiteralsExtension.entitlements */ = {isa = PBXFileReference; lastKnownFileType = text.plist.entitlements; path = LiteralsExtension.entitlements; sourceTree = "<group>"; };
		780D3FB41E2AD3C800398BF5 /* SourceEditorExtension.swift */ = {isa = PBXFileReference; lastKnownFileType = sourcecode.swift; path = SourceEditorExtension.swift; sourceTree = "<group>"; };
		780D3FB61E2AD3C800398BF5 /* ColorLiteralsCommand.swift */ = {isa = PBXFileReference; lastKnownFileType = sourcecode.swift; path = ColorLiteralsCommand.swift; sourceTree = "<group>"; };
		780D3FB81E2AD3C800398BF5 /* Info.plist */ = {isa = PBXFileReference; lastKnownFileType = text.plist.xml; path = Info.plist; sourceTree = "<group>"; };
		780D3FC01E2AD40F00398BF5 /* TextConverter.swift */ = {isa = PBXFileReference; fileEncoding = 4; lastKnownFileType = sourcecode.swift; path = TextConverter.swift; sourceTree = "<group>"; };
		780D3FC21E2AD51A00398BF5 /* ColorLiteralsConverter.swift */ = {isa = PBXFileReference; fileEncoding = 4; lastKnownFileType = sourcecode.swift; path = ColorLiteralsConverter.swift; sourceTree = "<group>"; };
		780D3FC41E2AD68600398BF5 /* ColorLiteralsConverterTests.swift */ = {isa = PBXFileReference; fileEncoding = 4; lastKnownFileType = sourcecode.swift; path = ColorLiteralsConverterTests.swift; sourceTree = "<group>"; };
/* End PBXFileReference section */

/* Begin PBXFrameworksBuildPhase section */
		780D3F881E2AD3A300398BF5 /* Frameworks */ = {
			isa = PBXFrameworksBuildPhase;
			buildActionMask = 2147483647;
			files = (
			);
			runOnlyForDeploymentPostprocessing = 0;
		};
		780D3F971E2AD3A400398BF5 /* Frameworks */ = {
			isa = PBXFrameworksBuildPhase;
			buildActionMask = 2147483647;
			files = (
			);
			runOnlyForDeploymentPostprocessing = 0;
		};
		780D3FAA1E2AD3C800398BF5 /* Frameworks */ = {
			isa = PBXFrameworksBuildPhase;
			buildActionMask = 2147483647;
			files = (
				780D3FB01E2AD3C800398BF5 /* Cocoa.framework in Frameworks */,
			);
			runOnlyForDeploymentPostprocessing = 0;
		};
/* End PBXFrameworksBuildPhase section */

/* Begin PBXGroup section */
		780D3F821E2AD3A300398BF5 = {
			isa = PBXGroup;
			children = (
				780D3F8D1E2AD3A300398BF5 /* Literals */,
				780D3F9D1E2AD3A400398BF5 /* LiteralsTests */,
				780D3FB11E2AD3C800398BF5 /* LiteralsExtension */,
				780D3FAE1E2AD3C800398BF5 /* Frameworks */,
				780D3F8C1E2AD3A300398BF5 /* Products */,
			);
			sourceTree = "<group>";
		};
		780D3F8C1E2AD3A300398BF5 /* Products */ = {
			isa = PBXGroup;
			children = (
				780D3F8B1E2AD3A300398BF5 /* Literals.app */,
				780D3F9A1E2AD3A400398BF5 /* LiteralsTests.xctest */,
				780D3FAD1E2AD3C800398BF5 /* Convert Literals.appex */,
			);
			name = Products;
			sourceTree = "<group>";
		};
		780D3F8D1E2AD3A300398BF5 /* Literals */ = {
			isa = PBXGroup;
			children = (
				780D3F8E1E2AD3A300398BF5 /* AppDelegate.swift */,
				780D3F901E2AD3A300398BF5 /* Assets.xcassets */,
				780D3F921E2AD3A300398BF5 /* MainMenu.xib */,
				780D3F951E2AD3A300398BF5 /* Info.plist */,
			);
			path = Literals;
			sourceTree = "<group>";
		};
		780D3F9D1E2AD3A400398BF5 /* LiteralsTests */ = {
			isa = PBXGroup;
			children = (
				780D3FA01E2AD3A400398BF5 /* Info.plist */,
				780D3FC41E2AD68600398BF5 /* ColorLiteralsConverterTests.swift */,
			);
			path = LiteralsTests;
			sourceTree = "<group>";
		};
		780D3FAE1E2AD3C800398BF5 /* Frameworks */ = {
			isa = PBXGroup;
			children = (
				780D3FAF1E2AD3C800398BF5 /* Cocoa.framework */,
			);
			name = Frameworks;
			sourceTree = "<group>";
		};
		780D3FB11E2AD3C800398BF5 /* LiteralsExtension */ = {
			isa = PBXGroup;
			children = (
				780D3FB81E2AD3C800398BF5 /* Info.plist */,
				780D3FB61E2AD3C800398BF5 /* ColorLiteralsCommand.swift */,
				780D3FC21E2AD51A00398BF5 /* ColorLiteralsConverter.swift */,
				780D3FB41E2AD3C800398BF5 /* SourceEditorExtension.swift */,
				780D3FC01E2AD40F00398BF5 /* TextConverter.swift */,
				780D3FB21E2AD3C800398BF5 /* Supporting Files */,
			);
			path = LiteralsExtension;
			sourceTree = "<group>";
		};
		780D3FB21E2AD3C800398BF5 /* Supporting Files */ = {
			isa = PBXGroup;
			children = (
				780D3FB31E2AD3C800398BF5 /* LiteralsExtension.entitlements */,
			);
			name = "Supporting Files";
			sourceTree = "<group>";
		};
/* End PBXGroup section */

/* Begin PBXNativeTarget section */
		780D3F8A1E2AD3A300398BF5 /* Literals */ = {
			isa = PBXNativeTarget;
			buildConfigurationList = 780D3FA31E2AD3A400398BF5 /* Build configuration list for PBXNativeTarget "Literals" */;
			buildPhases = (
				780D3F871E2AD3A300398BF5 /* Sources */,
				780D3F881E2AD3A300398BF5 /* Frameworks */,
				780D3F891E2AD3A300398BF5 /* Resources */,
				780D3FBF1E2AD3C900398BF5 /* Embed App Extensions */,
			);
			buildRules = (
			);
			dependencies = (
				780D3FBA1E2AD3C800398BF5 /* PBXTargetDependency */,
			);
			name = Literals;
			productName = Literals;
			productReference = 780D3F8B1E2AD3A300398BF5 /* Literals.app */;
			productType = "com.apple.product-type.application";
		};
		780D3F991E2AD3A400398BF5 /* LiteralsTests */ = {
			isa = PBXNativeTarget;
			buildConfigurationList = 780D3FA61E2AD3A400398BF5 /* Build configuration list for PBXNativeTarget "LiteralsTests" */;
			buildPhases = (
				780D3F961E2AD3A400398BF5 /* Sources */,
				780D3F971E2AD3A400398BF5 /* Frameworks */,
				780D3F981E2AD3A400398BF5 /* Resources */,
			);
			buildRules = (
			);
			dependencies = (
				780D3F9C1E2AD3A400398BF5 /* PBXTargetDependency */,
			);
			name = LiteralsTests;
			productName = LiteralsTests;
			productReference = 780D3F9A1E2AD3A400398BF5 /* LiteralsTests.xctest */;
			productType = "com.apple.product-type.bundle.unit-test";
		};
		780D3FAC1E2AD3C800398BF5 /* LiteralsExtension */ = {
			isa = PBXNativeTarget;
			buildConfigurationList = 780D3FBC1E2AD3C900398BF5 /* Build configuration list for PBXNativeTarget "LiteralsExtension" */;
			buildPhases = (
				780D3FA91E2AD3C800398BF5 /* Sources */,
				780D3FAA1E2AD3C800398BF5 /* Frameworks */,
				780D3FAB1E2AD3C800398BF5 /* Resources */,
			);
			buildRules = (
			);
			dependencies = (
			);
			name = LiteralsExtension;
			productName = LiteralsExtension;
			productReference = 780D3FAD1E2AD3C800398BF5 /* Convert Literals.appex */;
			productType = "com.apple.product-type.xcode-extension";
		};
/* End PBXNativeTarget section */

/* Begin PBXProject section */
		780D3F831E2AD3A300398BF5 /* Project object */ = {
			isa = PBXProject;
			attributes = {
				LastSwiftUpdateCheck = 0820;
				LastUpgradeCheck = 0820;
				ORGANIZATIONNAME = "Igor Palaguta";
				TargetAttributes = {
					780D3F8A1E2AD3A300398BF5 = {
						CreatedOnToolsVersion = 8.2;
						DevelopmentTeam = AETQMU8637;
						ProvisioningStyle = Automatic;
					};
					780D3F991E2AD3A400398BF5 = {
						CreatedOnToolsVersion = 8.2;
						ProvisioningStyle = Automatic;
						TestTargetID = 780D3F8A1E2AD3A300398BF5;
					};
					780D3FAC1E2AD3C800398BF5 = {
						CreatedOnToolsVersion = 8.2;
						DevelopmentTeam = AETQMU8637;
						ProvisioningStyle = Automatic;
					};
				};
			};
			buildConfigurationList = 780D3F861E2AD3A300398BF5 /* Build configuration list for PBXProject "Literals" */;
			compatibilityVersion = "Xcode 3.2";
			developmentRegion = English;
			hasScannedForEncodings = 0;
			knownRegions = (
				en,
				Base,
			);
			mainGroup = 780D3F821E2AD3A300398BF5;
			productRefGroup = 780D3F8C1E2AD3A300398BF5 /* Products */;
			projectDirPath = "";
			projectRoot = "";
			targets = (
				780D3F8A1E2AD3A300398BF5 /* Literals */,
				780D3F991E2AD3A400398BF5 /* LiteralsTests */,
				780D3FAC1E2AD3C800398BF5 /* LiteralsExtension */,
			);
		};
/* End PBXProject section */

/* Begin PBXResourcesBuildPhase section */
		780D3F891E2AD3A300398BF5 /* Resources */ = {
			isa = PBXResourcesBuildPhase;
			buildActionMask = 2147483647;
			files = (
				780D3F911E2AD3A300398BF5 /* Assets.xcassets in Resources */,
				780D3F941E2AD3A300398BF5 /* MainMenu.xib in Resources */,
			);
			runOnlyForDeploymentPostprocessing = 0;
		};
		780D3F981E2AD3A400398BF5 /* Resources */ = {
			isa = PBXResourcesBuildPhase;
			buildActionMask = 2147483647;
			files = (
			);
			runOnlyForDeploymentPostprocessing = 0;
		};
		780D3FAB1E2AD3C800398BF5 /* Resources */ = {
			isa = PBXResourcesBuildPhase;
			buildActionMask = 2147483647;
			files = (
			);
			runOnlyForDeploymentPostprocessing = 0;
		};
/* End PBXResourcesBuildPhase section */

/* Begin PBXSourcesBuildPhase section */
		780D3F871E2AD3A300398BF5 /* Sources */ = {
			isa = PBXSourcesBuildPhase;
			buildActionMask = 2147483647;
			files = (
				780D3F8F1E2AD3A300398BF5 /* AppDelegate.swift in Sources */,
			);
			runOnlyForDeploymentPostprocessing = 0;
		};
		780D3F961E2AD3A400398BF5 /* Sources */ = {
			isa = PBXSourcesBuildPhase;
			buildActionMask = 2147483647;
			files = (
				780D3FC51E2AD68600398BF5 /* ColorLiteralsConverterTests.swift in Sources */,
				780D3FC61E2AD68D00398BF5 /* ColorLiteralsConverter.swift in Sources */,
				780D3FC71E2AD68D00398BF5 /* TextConverter.swift in Sources */,
			);
			runOnlyForDeploymentPostprocessing = 0;
		};
		780D3FA91E2AD3C800398BF5 /* Sources */ = {
			isa = PBXSourcesBuildPhase;
			buildActionMask = 2147483647;
			files = (
				780D3FB51E2AD3C800398BF5 /* SourceEditorExtension.swift in Sources */,
				780D3FB71E2AD3C800398BF5 /* ColorLiteralsCommand.swift in Sources */,
				780D3FC31E2AD51A00398BF5 /* ColorLiteralsConverter.swift in Sources */,
				780D3FC11E2AD40F00398BF5 /* TextConverter.swift in Sources */,
			);
			runOnlyForDeploymentPostprocessing = 0;
		};
/* End PBXSourcesBuildPhase section */

/* Begin PBXTargetDependency section */
		780D3F9C1E2AD3A400398BF5 /* PBXTargetDependency */ = {
			isa = PBXTargetDependency;
			target = 780D3F8A1E2AD3A300398BF5 /* Literals */;
			targetProxy = 780D3F9B1E2AD3A400398BF5 /* PBXContainerItemProxy */;
		};
		780D3FBA1E2AD3C800398BF5 /* PBXTargetDependency */ = {
			isa = PBXTargetDependency;
			target = 780D3FAC1E2AD3C800398BF5 /* LiteralsExtension */;
			targetProxy = 780D3FB91E2AD3C800398BF5 /* PBXContainerItemProxy */;
		};
/* End PBXTargetDependency section */

/* Begin PBXVariantGroup section */
		780D3F921E2AD3A300398BF5 /* MainMenu.xib */ = {
			isa = PBXVariantGroup;
			children = (
				780D3F931E2AD3A300398BF5 /* Base */,
			);
			name = MainMenu.xib;
			sourceTree = "<group>";
		};
/* End PBXVariantGroup section */

/* Begin XCBuildConfiguration section */
		780D3FA11E2AD3A400398BF5 /* Debug */ = {
			isa = XCBuildConfiguration;
			buildSettings = {
				ALWAYS_SEARCH_USER_PATHS = NO;
				CLANG_ANALYZER_NONNULL = YES;
				CLANG_CXX_LANGUAGE_STANDARD = "gnu++0x";
				CLANG_CXX_LIBRARY = "libc++";
				CLANG_ENABLE_MODULES = YES;
				CLANG_ENABLE_OBJC_ARC = YES;
				CLANG_WARN_BOOL_CONVERSION = YES;
				CLANG_WARN_CONSTANT_CONVERSION = YES;
				CLANG_WARN_DIRECT_OBJC_ISA_USAGE = YES_ERROR;
				CLANG_WARN_DOCUMENTATION_COMMENTS = YES;
				CLANG_WARN_EMPTY_BODY = YES;
				CLANG_WARN_ENUM_CONVERSION = YES;
				CLANG_WARN_INFINITE_RECURSION = YES;
				CLANG_WARN_INT_CONVERSION = YES;
				CLANG_WARN_OBJC_ROOT_CLASS = YES_ERROR;
				CLANG_WARN_SUSPICIOUS_MOVE = YES;
				CLANG_WARN_UNREACHABLE_CODE = YES;
				CLANG_WARN__DUPLICATE_METHOD_MATCH = YES;
				CODE_SIGN_IDENTITY = "-";
				COPY_PHASE_STRIP = NO;
				DEBUG_INFORMATION_FORMAT = dwarf;
				ENABLE_STRICT_OBJC_MSGSEND = YES;
				ENABLE_TESTABILITY = YES;
				GCC_C_LANGUAGE_STANDARD = gnu99;
				GCC_DYNAMIC_NO_PIC = NO;
				GCC_NO_COMMON_BLOCKS = YES;
				GCC_OPTIMIZATION_LEVEL = 0;
				GCC_PREPROCESSOR_DEFINITIONS = (
					"DEBUG=1",
					"$(inherited)",
				);
				GCC_WARN_64_TO_32_BIT_CONVERSION = YES;
				GCC_WARN_ABOUT_RETURN_TYPE = YES_ERROR;
				GCC_WARN_UNDECLARED_SELECTOR = YES;
				GCC_WARN_UNINITIALIZED_AUTOS = YES_AGGRESSIVE;
				GCC_WARN_UNUSED_FUNCTION = YES;
				GCC_WARN_UNUSED_VARIABLE = YES;
				MACOSX_DEPLOYMENT_TARGET = 10.11;
				MTL_ENABLE_DEBUG_INFO = YES;
				ONLY_ACTIVE_ARCH = YES;
				SDKROOT = macosx;
				SWIFT_ACTIVE_COMPILATION_CONDITIONS = DEBUG;
				SWIFT_OPTIMIZATION_LEVEL = "-Onone";
			};
			name = Debug;
		};
		780D3FA21E2AD3A400398BF5 /* Release */ = {
			isa = XCBuildConfiguration;
			buildSettings = {
				ALWAYS_SEARCH_USER_PATHS = NO;
				CLANG_ANALYZER_NONNULL = YES;
				CLANG_CXX_LANGUAGE_STANDARD = "gnu++0x";
				CLANG_CXX_LIBRARY = "libc++";
				CLANG_ENABLE_MODULES = YES;
				CLANG_ENABLE_OBJC_ARC = YES;
				CLANG_WARN_BOOL_CONVERSION = YES;
				CLANG_WARN_CONSTANT_CONVERSION = YES;
				CLANG_WARN_DIRECT_OBJC_ISA_USAGE = YES_ERROR;
				CLANG_WARN_DOCUMENTATION_COMMENTS = YES;
				CLANG_WARN_EMPTY_BODY = YES;
				CLANG_WARN_ENUM_CONVERSION = YES;
				CLANG_WARN_INFINITE_RECURSION = YES;
				CLANG_WARN_INT_CONVERSION = YES;
				CLANG_WARN_OBJC_ROOT_CLASS = YES_ERROR;
				CLANG_WARN_SUSPICIOUS_MOVE = YES;
				CLANG_WARN_UNREACHABLE_CODE = YES;
				CLANG_WARN__DUPLICATE_METHOD_MATCH = YES;
				CODE_SIGN_IDENTITY = "-";
				COPY_PHASE_STRIP = NO;
				DEBUG_INFORMATION_FORMAT = "dwarf-with-dsym";
				ENABLE_NS_ASSERTIONS = NO;
				ENABLE_STRICT_OBJC_MSGSEND = YES;
				GCC_C_LANGUAGE_STANDARD = gnu99;
				GCC_NO_COMMON_BLOCKS = YES;
				GCC_WARN_64_TO_32_BIT_CONVERSION = YES;
				GCC_WARN_ABOUT_RETURN_TYPE = YES_ERROR;
				GCC_WARN_UNDECLARED_SELECTOR = YES;
				GCC_WARN_UNINITIALIZED_AUTOS = YES_AGGRESSIVE;
				GCC_WARN_UNUSED_FUNCTION = YES;
				GCC_WARN_UNUSED_VARIABLE = YES;
				MACOSX_DEPLOYMENT_TARGET = 10.11;
				MTL_ENABLE_DEBUG_INFO = NO;
				SDKROOT = macosx;
				SWIFT_OPTIMIZATION_LEVEL = "-Owholemodule";
			};
			name = Release;
		};
		780D3FA41E2AD3A400398BF5 /* Debug */ = {
			isa = XCBuildConfiguration;
			buildSettings = {
				ALWAYS_EMBED_SWIFT_STANDARD_LIBRARIES = YES;
				ASSETCATALOG_COMPILER_APPICON_NAME = AppIcon;
				CODE_SIGN_IDENTITY = "Mac Developer";
				COMBINE_HIDPI_IMAGES = YES;
				DEVELOPMENT_TEAM = AETQMU8637;
				INFOPLIST_FILE = Literals/Info.plist;
				LD_RUNPATH_SEARCH_PATHS = "$(inherited) @executable_path/../Frameworks";
				PRODUCT_BUNDLE_IDENTIFIER = com.igorpalaguta.Literals;
				PRODUCT_NAME = "$(TARGET_NAME)";
				SWIFT_VERSION = 3.0;
			};
			name = Debug;
		};
		780D3FA51E2AD3A400398BF5 /* Release */ = {
			isa = XCBuildConfiguration;
			buildSettings = {
				ALWAYS_EMBED_SWIFT_STANDARD_LIBRARIES = YES;
				ASSETCATALOG_COMPILER_APPICON_NAME = AppIcon;
				CODE_SIGN_IDENTITY = "Mac Developer";
				COMBINE_HIDPI_IMAGES = YES;
				DEVELOPMENT_TEAM = AETQMU8637;
				INFOPLIST_FILE = Literals/Info.plist;
				LD_RUNPATH_SEARCH_PATHS = "$(inherited) @executable_path/../Frameworks";
				PRODUCT_BUNDLE_IDENTIFIER = com.igorpalaguta.Literals;
				PRODUCT_NAME = "$(TARGET_NAME)";
				SWIFT_VERSION = 3.0;
			};
			name = Release;
		};
		780D3FA71E2AD3A400398BF5 /* Debug */ = {
			isa = XCBuildConfiguration;
			buildSettings = {
				ALWAYS_EMBED_SWIFT_STANDARD_LIBRARIES = YES;
				BUNDLE_LOADER = "$(TEST_HOST)";
				CODE_SIGN_IDENTITY = "Mac Developer";
				COMBINE_HIDPI_IMAGES = YES;
				DEVELOPMENT_TEAM = "";
				INFOPLIST_FILE = LiteralsTests/Info.plist;
				LD_RUNPATH_SEARCH_PATHS = "$(inherited) @executable_path/../Frameworks @loader_path/../Frameworks";
				PRODUCT_BUNDLE_IDENTIFIER = com.igorpalaguta.LiteralsTests;
				PRODUCT_NAME = "$(TARGET_NAME)";
				SWIFT_VERSION = 3.0;
				TEST_HOST = "$(BUILT_PRODUCTS_DIR)/Literals.app/Contents/MacOS/Literals";
			};
			name = Debug;
		};
		780D3FA81E2AD3A400398BF5 /* Release */ = {
			isa = XCBuildConfiguration;
			buildSettings = {
				ALWAYS_EMBED_SWIFT_STANDARD_LIBRARIES = YES;
				BUNDLE_LOADER = "$(TEST_HOST)";
				CODE_SIGN_IDENTITY = "Mac Developer";
				COMBINE_HIDPI_IMAGES = YES;
				DEVELOPMENT_TEAM = "";
				INFOPLIST_FILE = LiteralsTests/Info.plist;
				LD_RUNPATH_SEARCH_PATHS = "$(inherited) @executable_path/../Frameworks @loader_path/../Frameworks";
				PRODUCT_BUNDLE_IDENTIFIER = com.igorpalaguta.LiteralsTests;
				PRODUCT_NAME = "$(TARGET_NAME)";
				SWIFT_VERSION = 3.0;
				TEST_HOST = "$(BUILT_PRODUCTS_DIR)/Literals.app/Contents/MacOS/Literals";
			};
			name = Release;
		};
		780D3FBD1E2AD3C900398BF5 /* Debug */ = {
			isa = XCBuildConfiguration;
			buildSettings = {
				CODE_SIGN_ENTITLEMENTS = LiteralsExtension/LiteralsExtension.entitlements;
				CODE_SIGN_IDENTITY = "Mac Developer";
				COMBINE_HIDPI_IMAGES = YES;
				DEVELOPMENT_TEAM = AETQMU8637;
				INFOPLIST_FILE = LiteralsExtension/Info.plist;
				LD_RUNPATH_SEARCH_PATHS = "$(inherited) @executable_path/../Frameworks @executable_path/../../../../Frameworks";
				MACOSX_DEPLOYMENT_TARGET = 10.11;
				PRODUCT_BUNDLE_IDENTIFIER = com.igorpalaguta.Literals.LiteralsExtension;
				PRODUCT_NAME = "Convert Literals";
				SKIP_INSTALL = YES;
				SWIFT_VERSION = 3.0;
			};
			name = Debug;
		};
		780D3FBE1E2AD3C900398BF5 /* Release */ = {
			isa = XCBuildConfiguration;
			buildSettings = {
				CODE_SIGN_ENTITLEMENTS = LiteralsExtension/LiteralsExtension.entitlements;
				CODE_SIGN_IDENTITY = "Mac Developer";
				COMBINE_HIDPI_IMAGES = YES;
				DEVELOPMENT_TEAM = AETQMU8637;
				INFOPLIST_FILE = LiteralsExtension/Info.plist;
				LD_RUNPATH_SEARCH_PATHS = "$(inherited) @executable_path/../Frameworks @executable_path/../../../../Frameworks";
				MACOSX_DEPLOYMENT_TARGET = 10.11;
				PRODUCT_BUNDLE_IDENTIFIER = com.igorpalaguta.Literals.LiteralsExtension;
				PRODUCT_NAME = "Convert Literals";
				SKIP_INSTALL = YES;
				SWIFT_VERSION = 3.0;
			};
			name = Release;
		};
/* End XCBuildConfiguration section */

/* Begin XCConfigurationList section */
		780D3F861E2AD3A300398BF5 /* Build configuration list for PBXProject "Literals" */ = {
			isa = XCConfigurationList;
			buildConfigurations = (
				780D3FA11E2AD3A400398BF5 /* Debug */,
				780D3FA21E2AD3A400398BF5 /* Release */,
			);
			defaultConfigurationIsVisible = 0;
			defaultConfigurationName = Release;
		};
		780D3FA31E2AD3A400398BF5 /* Build configuration list for PBXNativeTarget "Literals" */ = {
			isa = XCConfigurationList;
			buildConfigurations = (
				780D3FA41E2AD3A400398BF5 /* Debug */,
				780D3FA51E2AD3A400398BF5 /* Release */,
			);
			defaultConfigurationIsVisible = 0;
			defaultConfigurationName = Release;
		};
		780D3FA61E2AD3A400398BF5 /* Build configuration list for PBXNativeTarget "LiteralsTests" */ = {
			isa = XCConfigurationList;
			buildConfigurations = (
				780D3FA71E2AD3A400398BF5 /* Debug */,
				780D3FA81E2AD3A400398BF5 /* Release */,
			);
			defaultConfigurationIsVisible = 0;
			defaultConfigurationName = Release;
		};
		780D3FBC1E2AD3C900398BF5 /* Build configuration list for PBXNativeTarget "LiteralsExtension" */ = {
			isa = XCConfigurationList;
			buildConfigurations = (
				780D3FBD1E2AD3C900398BF5 /* Debug */,
				780D3FBE1E2AD3C900398BF5 /* Release */,
			);
			defaultConfigurationIsVisible = 0;
			defaultConfigurationName = Release;
		};
/* End XCConfigurationList section */
	};
	rootObject = 780D3F831E2AD3A300398BF5 /* Project object */;
}
